
Microsoft Visual Studio Solution File, Format Version 12.00
# Visual Studio Version 17
VisualStudioVersion = 17.13.35919.96 d17.13
MinimumVisualStudioVersion = 10.0.40219.1
Project("{FAE04EC0-301F-11D3-BF4B-00C04F79EFBC}") = "Kalkulator", "Kalkulator\Kalkulator.csproj", "{4BDC98DA-5566-4D1B-815B-00161878544D}"
EndProject
Global
	GlobalSection(SolutionConfigurationPlatforms) = preSolution
		Debug|Any CPU = Debug|Any CPU
		Release|Any CPU = Release|Any CPU
	EndGlobalSection
	GlobalSection(ProjectConfigurationPlatforms) = postSolution
		{4BDC98DA-5566-4D1B-815B-00161878544D}.Debug|Any CPU.ActiveCfg = Debug|Any CPU
		{4BDC98DA-5566-4D1B-815B-00161878544D}.Debug|Any CPU.Build.0 = Debug|Any CPU
		{4BDC98DA-5566-4D1B-815B-00161878544D}.Debug|Any CPU.Deploy.0 = Debug|Any CPU
		{4BDC98DA-5566-4D1B-815B-00161878544D}.Release|Any CPU.ActiveCfg = Release|Any CPU
		{4BDC98DA-5566-4D1B-815B-00161878544D}.Release|Any CPU.Build.0 = Release|Any CPU
		{4BDC98DA-5566-4D1B-815B-00161878544D}.Release|Any CPU.Deploy.0 = Release|Any CPU
	EndGlobalSection
	GlobalSection(SolutionProperties) = preSolution
		HideSolutionNode = FALSE
	EndGlobalSection
	GlobalSection(ExtensibilityGlobals) = postSolution
		SolutionGuid = {F3B9B46A-A633-425B-920D-6DD237900590}
	EndGlobalSection
EndGlobal
